
Microsoft Visual Studio Solution File, Format Version 12.00
# Visual Studio Version 17
VisualStudioVersion = 17.13.35507.96 d17.13
MinimumVisualStudioVersion = 10.0.40219.1
Project("{FAE04EC0-301F-11D3-BF4B-00C04F79EFBC}") = "ProductSearchApi", "ProductSearchApi.csproj", "{4E65D878-7069-423A-947D-2881F644212E}"
EndProject
Global
	GlobalSection(SolutionConfigurationPlatforms) = preSolution
		Debug|Any CPU = Debug|Any CPU
		Release|Any CPU = Release|Any CPU
	EndGlobalSection
	GlobalSection(ProjectConfigurationPlatforms) = postSolution
		{4E65D878-7069-423A-947D-2881F644212E}.Debug|Any CPU.ActiveCfg = Debug|Any CPU
		{4E65D878-7069-423A-947D-2881F644212E}.Debug|Any CPU.Build.0 = Debug|Any CPU
		{4E65D878-7069-423A-947D-2881F644212E}.Release|Any CPU.ActiveCfg = Release|Any CPU
		{4E65D878-7069-423A-947D-2881F644212E}.Release|Any CPU.Build.0 = Release|Any CPU
	EndGlobalSection
	GlobalSection(SolutionProperties) = preSolution
		HideSolutionNode = FALSE
	EndGlobalSection
	GlobalSection(ExtensibilityGlobals) = postSolution
		SolutionGuid = {F5CDB1E9-1D38-4E3A-B865-7808355A3414}
	EndGlobalSection
EndGlobal
